
Microsoft Visual Studio Solution File, Format Version 12.00
# Visual Studio Version 16
VisualStudioVersion = 16.0.29509.3
MinimumVisualStudioVersion = 10.0.40219.1
Project("{FAE04EC0-301F-11D3-BF4B-00C04F79EFBC}") = "P2PChatApp", "P2PChatApp\P2PChatApp.csproj", "{A79A7237-F31C-4E74-AE3D-8BA7DE24FE11}"
EndProject
Global
	GlobalSection(SolutionConfigurationPlatforms) = preSolution
		Debug|Any CPU = Debug|Any CPU
		Release|Any CPU = Release|Any CPU
	EndGlobalSection
	GlobalSection(ProjectConfigurationPlatforms) = postSolution
		{A79A7237-F31C-4E74-AE3D-8BA7DE24FE11}.Debug|Any CPU.ActiveCfg = Debug|Any CPU
		{A79A7237-F31C-4E74-AE3D-8BA7DE24FE11}.Debug|Any CPU.Build.0 = Debug|Any CPU
		{A79A7237-F31C-4E74-AE3D-8BA7DE24FE11}.Release|Any CPU.ActiveCfg = Release|Any CPU
		{A79A7237-F31C-4E74-AE3D-8BA7DE24FE11}.Release|Any CPU.Build.0 = Release|Any CPU
	EndGlobalSection
	GlobalSection(SolutionProperties) = preSolution
		HideSolutionNode = FALSE
	EndGlobalSection
	GlobalSection(ExtensibilityGlobals) = postSolution
		SolutionGuid = {7FDF3FA8-07CD-484C-9AD0-8ECDEEC174CD}
	EndGlobalSection
EndGlobal
